
Microsoft Visual Studio Solution File, Format Version 12.00
# Visual Studio Version 17
VisualStudioVersion = 17.13.35825.156
MinimumVisualStudioVersion = 10.0.40219.1
Project("{FAE04EC0-301F-11D3-BF4B-00C04F79EFBC}") = "APICow", "APICow\APICow.csproj", "{75549AC9-B204-4D19-B168-B8F670DBA543}"
EndProject
Project("{FAE04EC0-301F-11D3-BF4B-00C04F79EFBC}") = "MVCCow", "MVCCow\MVCCow.csproj", "{2A0EBF9D-D743-4956-A561-FD7C05931618}"
EndProject
Project("{FAE04EC0-301F-11D3-BF4B-00C04F79EFBC}") = "APIFarm", "APIFarm\APIFarm.csproj", "{9FBC16A7-A423-47C9-876D-E1C632CD8D61}"
EndProject
Global
	GlobalSection(SolutionConfigurationPlatforms) = preSolution
		Debug|Any CPU = Debug|Any CPU
		Release|Any CPU = Release|Any CPU
	EndGlobalSection
	GlobalSection(ProjectConfigurationPlatforms) = postSolution
		{75549AC9-B204-4D19-B168-B8F670DBA543}.Debug|Any CPU.ActiveCfg = Debug|Any CPU
		{75549AC9-B204-4D19-B168-B8F670DBA543}.Debug|Any CPU.Build.0 = Debug|Any CPU
		{75549AC9-B204-4D19-B168-B8F670DBA543}.Release|Any CPU.ActiveCfg = Release|Any CPU
		{75549AC9-B204-4D19-B168-B8F670DBA543}.Release|Any CPU.Build.0 = Release|Any CPU
		{2A0EBF9D-D743-4956-A561-FD7C05931618}.Debug|Any CPU.ActiveCfg = Debug|Any CPU
		{2A0EBF9D-D743-4956-A561-FD7C05931618}.Debug|Any CPU.Build.0 = Debug|Any CPU
		{2A0EBF9D-D743-4956-A561-FD7C05931618}.Release|Any CPU.ActiveCfg = Release|Any CPU
		{2A0EBF9D-D743-4956-A561-FD7C05931618}.Release|Any CPU.Build.0 = Release|Any CPU
		{9FBC16A7-A423-47C9-876D-E1C632CD8D61}.Debug|Any CPU.ActiveCfg = Debug|Any CPU
		{9FBC16A7-A423-47C9-876D-E1C632CD8D61}.Debug|Any CPU.Build.0 = Debug|Any CPU
		{9FBC16A7-A423-47C9-876D-E1C632CD8D61}.Release|Any CPU.ActiveCfg = Release|Any CPU
		{9FBC16A7-A423-47C9-876D-E1C632CD8D61}.Release|Any CPU.Build.0 = Release|Any CPU
	EndGlobalSection
	GlobalSection(SolutionProperties) = preSolution
		HideSolutionNode = FALSE
	EndGlobalSection
	GlobalSection(ExtensibilityGlobals) = postSolution
		SolutionGuid = {41488A1D-4026-47D8-A013-096DF6190E05}
	EndGlobalSection
EndGlobal
